
Microsoft Visual Studio Solution File, Format Version 12.00
# Visual Studio Version 17
VisualStudioVersion = 17.8.34212.112
MinimumVisualStudioVersion = 10.0.40219.1
Project("{FAE04EC0-301F-11D3-BF4B-00C04F79EFBC}") = "UserNamesProject.Api", "UserNamesProject.Api\UserNamesProject.Api.csproj", "{D1815F4F-0106-4C12-BFD9-B45BB768601E}"
EndProject
Global
	GlobalSection(SolutionConfigurationPlatforms) = preSolution
		Debug|Any CPU = Debug|Any CPU
		Release|Any CPU = Release|Any CPU
	EndGlobalSection
	GlobalSection(ProjectConfigurationPlatforms) = postSolution
		{D1815F4F-0106-4C12-BFD9-B45BB768601E}.Debug|Any CPU.ActiveCfg = Debug|Any CPU
		{D1815F4F-0106-4C12-BFD9-B45BB768601E}.Debug|Any CPU.Build.0 = Debug|Any CPU
		{D1815F4F-0106-4C12-BFD9-B45BB768601E}.Release|Any CPU.ActiveCfg = Release|Any CPU
		{D1815F4F-0106-4C12-BFD9-B45BB768601E}.Release|Any CPU.Build.0 = Release|Any CPU
	EndGlobalSection
	GlobalSection(SolutionProperties) = preSolution
		HideSolutionNode = FALSE
	EndGlobalSection
	GlobalSection(ExtensibilityGlobals) = postSolution
		SolutionGuid = {FDAC8404-5E33-4672-9674-B8B1E5C2EF96}
	EndGlobalSection
EndGlobal
